// !$*UTF8*$!
{
	archiveVersion = 1;
	classes = {
	};
	objectVersion = 55;
	objects = {

/* Begin PBXBuildFile section */
		0205F15F2823FCF2008B8FF8 /* FirebaseAuth in Frameworks */ = {isa = PBXBuildFile; productRef = 0205F15E2823FCF2008B8FF8 /* FirebaseAuth */; };
		0205F1612823FCF2008B8FF8 /* FirebaseFirestore in Frameworks */ = {isa = PBXBuildFile; productRef = 0205F1602823FCF2008B8FF8 /* FirebaseFirestore */; };
		0205F1632823FCF2008B8FF8 /* FirebaseFunctions in Frameworks */ = {isa = PBXBuildFile; productRef = 0205F1622823FCF2008B8FF8 /* FirebaseFunctions */; };
		0205F1652823FCF2008B8FF8 /* FirebaseMessaging in Frameworks */ = {isa = PBXBuildFile; productRef = 0205F1642823FCF2008B8FF8 /* FirebaseMessaging */; };
		0205F1672823FCF2008B8FF8 /* FirebaseStorage in Frameworks */ = {isa = PBXBuildFile; productRef = 0205F1662823FCF2008B8FF8 /* FirebaseStorage */; };
		0211F95E288AB3C3002A797E /* UIView+Image.swift in Sources */ = {isa = PBXBuildFile; fileRef = 0211F95D288AB3C3002A797E /* UIView+Image.swift */; };
		0211F960288AB3E2002A797E /* Shape+Fill.swift in Sources */ = {isa = PBXBuildFile; fileRef = 0211F95F288AB3E2002A797E /* Shape+Fill.swift */; };
		0211F962288AB59E002A797E /* WorkListVM.swift in Sources */ = {isa = PBXBuildFile; fileRef = 0211F961288AB59E002A797E /* WorkListVM.swift */; };
		021B286F270CB08C0093B0C9 /* CanvasApp.swift in Sources */ = {isa = PBXBuildFile; fileRef = 021B286E270CB08C0093B0C9 /* CanvasApp.swift */; };
		021B2871270CB08C0093B0C9 /* RootView.swift in Sources */ = {isa = PBXBuildFile; fileRef = 021B2870270CB08C0093B0C9 /* RootView.swift */; };
		021B2873270CB08D0093B0C9 /* Assets.xcassets in Resources */ = {isa = PBXBuildFile; fileRef = 021B2872270CB08D0093B0C9 /* Assets.xcassets */; };
		021B2876270CB08D0093B0C9 /* Preview Assets.xcassets in Resources */ = {isa = PBXBuildFile; fileRef = 021B2875270CB08D0093B0C9 /* Preview Assets.xcassets */; };
		021B287E270CB27E0093B0C9 /* Abstract.swift in Sources */ = {isa = PBXBuildFile; fileRef = 021B287D270CB27E0093B0C9 /* Abstract.swift */; };
		021B2882270CB3790093B0C9 /* Functions.swift in Sources */ = {isa = PBXBuildFile; fileRef = 021B2881270CB3790093B0C9 /* Functions.swift */; };
		022691B6271DABEA00C0D209 /* LineArt2.swift in Sources */ = {isa = PBXBuildFile; fileRef = 022691B5271DABEA00C0D209 /* LineArt2.swift */; };
		022C17CB2712C26200D2FD62 /* Lightning.swift in Sources */ = {isa = PBXBuildFile; fileRef = 022C17CA2712C26200D2FD62 /* Lightning.swift */; };
		022C17CD2712FE6700D2FD62 /* ParticleStream.swift in Sources */ = {isa = PBXBuildFile; fileRef = 022C17CC2712FE6700D2FD62 /* ParticleStream.swift */; };
		0231698228D72A470027FAF8 /* SwiftUIPager in Frameworks */ = {isa = PBXBuildFile; productRef = 0231698128D72A470027FAF8 /* SwiftUIPager */; };
		0231698428D72B2F0027FAF8 /* ArchivePageView.swift in Sources */ = {isa = PBXBuildFile; fileRef = 0231698328D72B2F0027FAF8 /* ArchivePageView.swift */; };
		0231698628D7406D0027FAF8 /* ArchivePageVM.swift in Sources */ = {isa = PBXBuildFile; fileRef = 0231698528D7406D0027FAF8 /* ArchivePageVM.swift */; };
		02388F8A28CB12F400E2AAC0 /* ContractListVM.swift in Sources */ = {isa = PBXBuildFile; fileRef = 02388F8928CB12F400E2AAC0 /* ContractListVM.swift */; };
		02388F8C28CB130B00E2AAC0 /* ContractDetailVM.swift in Sources */ = {isa = PBXBuildFile; fileRef = 02388F8B28CB130B00E2AAC0 /* ContractDetailVM.swift */; };
		02388F8E28CB13A500E2AAC0 /* ContractListView.swift in Sources */ = {isa = PBXBuildFile; fileRef = 02388F8D28CB13A500E2AAC0 /* ContractListView.swift */; };
		02388F9028CB13C300E2AAC0 /* ContractDetailView.swift in Sources */ = {isa = PBXBuildFile; fileRef = 02388F8F28CB13C300E2AAC0 /* ContractDetailView.swift */; };
		02388F9328CB18B400E2AAC0 /* Models.swift in Sources */ = {isa = PBXBuildFile; fileRef = 02388F9228CB18B400E2AAC0 /* Models.swift */; };
		02392F1D271C35B200D8931F /* Lorenz3D.swift in Sources */ = {isa = PBXBuildFile; fileRef = 02392F1C271C35B200D8931F /* Lorenz3D.swift */; };
		02392F1F271C502600D8931F /* RectangleGetter.swift in Sources */ = {isa = PBXBuildFile; fileRef = 02392F1E271C502600D8931F /* RectangleGetter.swift */; };
		02392F21271C551200D8931F /* SpiderDesign.swift in Sources */ = {isa = PBXBuildFile; fileRef = 02392F20271C551200D8931F /* SpiderDesign.swift */; };
		023AC5FE272C69A2005C858D /* RemoteImageView.swift in Sources */ = {isa = PBXBuildFile; fileRef = 023AC5FD272C69A2005C858D /* RemoteImageView.swift */; };
		02449DA827231D93000A011A /* Error.swift in Sources */ = {isa = PBXBuildFile; fileRef = 02449DA727231D93000A011A /* Error.swift */; };
		02495FDD2711A3E30023230B /* BoidsMajic.swift in Sources */ = {isa = PBXBuildFile; fileRef = 02495FDC2711A3E30023230B /* BoidsMajic.swift */; };
		02543C7D271D3C29009AE283 /* MapGenerator.swift in Sources */ = {isa = PBXBuildFile; fileRef = 02543C7C271D3C29009AE283 /* MapGenerator.swift */; };
		02543C7F271D665E009AE283 /* CircleDesign.swift in Sources */ = {isa = PBXBuildFile; fileRef = 02543C7E271D665E009AE283 /* CircleDesign.swift */; };
		0258C0AA28ED31FE00F6F14B /* Colors.xcassets in Resources */ = {isa = PBXBuildFile; fileRef = 0258C0A928ED31FE00F6F14B /* Colors.xcassets */; };
		026C5E672729B68100995BCB /* canvas.app.graphql in Resources */ = {isa = PBXBuildFile; fileRef = 026C5E662729B68100995BCB /* canvas.app.graphql */; };
		026C5E6B2729BA2500995BCB /* canvas.schema.graphql in Resources */ = {isa = PBXBuildFile; fileRef = 026C5E6A2729BA2500995BCB /* canvas.schema.graphql */; };
		026C5E6D2729BA8C00995BCB /* CanvasAPI.swift in Sources */ = {isa = PBXBuildFile; fileRef = 026C5E6C2729BA8C00995BCB /* CanvasAPI.swift */; };
		026C5E702729BB0400995BCB /* Apollo in Frameworks */ = {isa = PBXBuildFile; productRef = 026C5E6F2729BB0400995BCB /* Apollo */; };
		02780675282E0E9A00074144 /* SellNftView.swift in Sources */ = {isa = PBXBuildFile; fileRef = 02780674282E0E9A00074144 /* SellNftView.swift */; };
		028D3AA42729B1DA000EC82F /* FirebaseMessage.swift in Sources */ = {isa = PBXBuildFile; fileRef = 028D3AA32729B1DA000EC82F /* FirebaseMessage.swift */; };
		028DC773271EC45200B7AF1B /* Bound.swift in Sources */ = {isa = PBXBuildFile; fileRef = 028DC772271EC45200B7AF1B /* Bound.swift */; };
		028DC775271EED0C00B7AF1B /* Fish.swift in Sources */ = {isa = PBXBuildFile; fileRef = 028DC774271EED0C00B7AF1B /* Fish.swift */; };
		028DC777271F0B9D00B7AF1B /* Work.swift in Sources */ = {isa = PBXBuildFile; fileRef = 028DC776271F0B9D00B7AF1B /* Work.swift */; };
		02988E83288BDA5300B6A540 /* FrameListVM.swift in Sources */ = {isa = PBXBuildFile; fileRef = 02988E82288BDA5300B6A540 /* FrameListVM.swift */; };
		0299D8152720684200483DE1 /* Recorder.swift in Sources */ = {isa = PBXBuildFile; fileRef = 0299D8142720684200483DE1 /* Recorder.swift */; };
		029B2FFC2722CAA5008BC3F3 /* GoogleService-Info.plist in Resources */ = {isa = PBXBuildFile; fileRef = 029B2FFB2722CAA5008BC3F3 /* GoogleService-Info.plist */; };
		029B30072722E25F008BC3F3 /* FirebaseStorage.swift in Sources */ = {isa = PBXBuildFile; fileRef = 029B30062722E25F008BC3F3 /* FirebaseStorage.swift */; };
		029B30092722E959008BC3F3 /* FirebaseAuth.swift in Sources */ = {isa = PBXBuildFile; fileRef = 029B30082722E959008BC3F3 /* FirebaseAuth.swift */; };
		029DDF0A2889BAA800118174 /* ComposableArchitecture in Frameworks */ = {isa = PBXBuildFile; productRef = 029DDF092889BAA800118174 /* ComposableArchitecture */; };
		029DDF0E2889BAE600118174 /* Navigation+TCA.swift in Sources */ = {isa = PBXBuildFile; fileRef = 029DDF0D2889BAE600118174 /* Navigation+TCA.swift */; };
		029DDF102889BB3600118174 /* RootVM.swift in Sources */ = {isa = PBXBuildFile; fileRef = 029DDF0F2889BB3600118174 /* RootVM.swift */; };
		029E6A87271EA64F00F6A8EF /* ColorRain.swift in Sources */ = {isa = PBXBuildFile; fileRef = 029E6A86271EA64F00F6A8EF /* ColorRain.swift */; };
		02A19D45272C517D00DBFA24 /* WorkListView.swift in Sources */ = {isa = PBXBuildFile; fileRef = 02A19D44272C517D00DBFA24 /* WorkListView.swift */; };
		02A19D47272C518C00DBFA24 /* FrameListView.swift in Sources */ = {isa = PBXBuildFile; fileRef = 02A19D46272C518C00DBFA24 /* FrameListView.swift */; };
		02AB3C2B27D27C84008043A6 /* MintNftView.swift in Sources */ = {isa = PBXBuildFile; fileRef = 02AB3C2A27D27C84008043A6 /* MintNftView.swift */; };
		02AB3C2E27D2810B008043A6 /* TextField.swift in Sources */ = {isa = PBXBuildFile; fileRef = 02AB3C2D27D2810B008043A6 /* TextField.swift */; };
		02AB3C3027D281F2008043A6 /* Button.swift in Sources */ = {isa = PBXBuildFile; fileRef = 02AB3C2F27D281F2008043A6 /* Button.swift */; };
		02AB3C3327D28470008043A6 /* ActivityIndicatorView in Frameworks */ = {isa = PBXBuildFile; productRef = 02AB3C3227D28470008043A6 /* ActivityIndicatorView */; };
		02AB3C3527D2848F008043A6 /* HUD.swift in Sources */ = {isa = PBXBuildFile; fileRef = 02AB3C3427D2848F008043A6 /* HUD.swift */; };
		02AE85E028F0348200C7958C /* BulkMintNftView.swift in Sources */ = {isa = PBXBuildFile; fileRef = 02AE85DF28F0348200C7958C /* BulkMintNftView.swift */; };
		02AE85E228F03CA300C7958C /* BulkSellNftView.swift in Sources */ = {isa = PBXBuildFile; fileRef = 02AE85E128F03CA300C7958C /* BulkSellNftView.swift */; };
		02B25ED92711361F0067A73D /* BoidsDesign.swift in Sources */ = {isa = PBXBuildFile; fileRef = 02B25ED82711361F0067A73D /* BoidsDesign.swift */; };
		02B3A7BB28F0219900DC5CFE /* TokenListVM.swift in Sources */ = {isa = PBXBuildFile; fileRef = 02B3A7BA28F0219900DC5CFE /* TokenListVM.swift */; };
		02B3A7BF28F0245F00DC5CFE /* MultiTokenListVM.swift in Sources */ = {isa = PBXBuildFile; fileRef = 02B3A7BE28F0245F00DC5CFE /* MultiTokenListVM.swift */; };
		02B3A7C128F0294000DC5CFE /* TokenListView.swift in Sources */ = {isa = PBXBuildFile; fileRef = 02B3A7C028F0294000DC5CFE /* TokenListView.swift */; };
		02B3A7C328F0295200DC5CFE /* MultiTokenListView.swift in Sources */ = {isa = PBXBuildFile; fileRef = 02B3A7C228F0295200DC5CFE /* MultiTokenListView.swift */; };
		02BFA0F3272A7969002997F8 /* CanvasClient.swift in Sources */ = {isa = PBXBuildFile; fileRef = 02BFA0F2272A7969002997F8 /* CanvasClient.swift */; };
		02C696962718467A00C65CDC /* SplashReturn.swift in Sources */ = {isa = PBXBuildFile; fileRef = 02C696952718467A00C65CDC /* SplashReturn.swift */; };
		02D26CCB273183E500678F6F /* VideoView.swift in Sources */ = {isa = PBXBuildFile; fileRef = 02D26CCA273183E500678F6F /* VideoView.swift */; };
		02D26CCD2731848500678F6F /* ArchiveDetailView.swift in Sources */ = {isa = PBXBuildFile; fileRef = 02D26CCC2731848500678F6F /* ArchiveDetailView.swift */; };
		02D2A1122715CE5B00CF5AD1 /* Splash.swift in Sources */ = {isa = PBXBuildFile; fileRef = 02D2A1112715CE5B00CF5AD1 /* Splash.swift */; };
		02E188F5288ABC30001F24F5 /* WalletVM.swift in Sources */ = {isa = PBXBuildFile; fileRef = 02E188F4288ABC30001F24F5 /* WalletVM.swift */; };
		02E20E2327CDFD1700AED50C /* NetworkInterceptor.swift in Sources */ = {isa = PBXBuildFile; fileRef = 02E20E2227CDFD1700AED50C /* NetworkInterceptor.swift */; };
		02E20E2527CE36E500AED50C /* AmplifyAuth.swift in Sources */ = {isa = PBXBuildFile; fileRef = 02E20E2427CE36E400AED50C /* AmplifyAuth.swift */; };
		02E20E2727CE3FAC00AED50C /* NftClient.swift in Sources */ = {isa = PBXBuildFile; fileRef = 02E20E2627CE3FAC00AED50C /* NftClient.swift */; };
		02E20E2A27CE449500AED50C /* nft.schema.graphql in Resources */ = {isa = PBXBuildFile; fileRef = 02E20E2927CE449500AED50C /* nft.schema.graphql */; };
		02E20E2C27CE44D100AED50C /* nft.app.graphql in Resources */ = {isa = PBXBuildFile; fileRef = 02E20E2B27CE44D100AED50C /* nft.app.graphql */; };
		02E20E2E27CE46F300AED50C /* NftAPI.swift in Sources */ = {isa = PBXBuildFile; fileRef = 02E20E2D27CE46F300AED50C /* NftAPI.swift */; };
		02E31FAB270F475100B94A81 /* LineArt.swift in Sources */ = {isa = PBXBuildFile; fileRef = 02E31FAA270F475100B94A81 /* LineArt.swift */; };
		02F05F4F2824F08100A36AD4 /* WalletView.swift in Sources */ = {isa = PBXBuildFile; fileRef = 02F05F4E2824F08100A36AD4 /* WalletView.swift */; };
		02F297A7288C1B3F00A50E60 /* ArchiveListVM.swift in Sources */ = {isa = PBXBuildFile; fileRef = 02F297A6288C1B3F00A50E60 /* ArchiveListVM.swift */; };
		02F297A9288C235B00A50E60 /* ArchiveDetailVM.swift in Sources */ = {isa = PBXBuildFile; fileRef = 02F297A8288C235B00A50E60 /* ArchiveDetailVM.swift */; };
		02F2EF0D27143FF800415B9A /* StreamDesign.swift in Sources */ = {isa = PBXBuildFile; fileRef = 02F2EF0C27143FF800415B9A /* StreamDesign.swift */; };
		02F4C30B27CCF99F00746255 /* AWSCognitoAuthPlugin in Frameworks */ = {isa = PBXBuildFile; productRef = 02F4C30A27CCF99F00746255 /* AWSCognitoAuthPlugin */; };
		02F4C30D27CCF99F00746255 /* Amplify in Frameworks */ = {isa = PBXBuildFile; productRef = 02F4C30C27CCF99F00746255 /* Amplify */; };
		02F6CC422714775E002C22B7 /* ParticleRotate3D.swift in Sources */ = {isa = PBXBuildFile; fileRef = 02F6CC412714775E002C22B7 /* ParticleRotate3D.swift */; };
		02F944B7272DA321002A9B2B /* ArchiveListView.swift in Sources */ = {isa = PBXBuildFile; fileRef = 02F944B6272DA321002A9B2B /* ArchiveListView.swift */; };
		02F944B9272DA539002A9B2B /* FrameDetailView.swift in Sources */ = {isa = PBXBuildFile; fileRef = 02F944B8272DA539002A9B2B /* FrameDetailView.swift */; };
		40B02CB9A55727D506E7E49C /* amplifyconfiguration.json in Resources */ = {isa = PBXBuildFile; fileRef = 51BFA9E102289A317FC68E7F /* amplifyconfiguration.json */; };
		F9CBD627AFC66549B3CA7FCE /* awsconfiguration.json in Resources */ = {isa = PBXBuildFile; fileRef = C1A4623953676213E54F0289 /* awsconfiguration.json */; };
/* End PBXBuildFile section */

/* Begin PBXFileReference section */
		0211F95D288AB3C3002A797E /* UIView+Image.swift */ = {isa = PBXFileReference; lastKnownFileType = sourcecode.swift; path = "UIView+Image.swift"; sourceTree = "<group>"; };
		0211F95F288AB3E2002A797E /* Shape+Fill.swift */ = {isa = PBXFileReference; lastKnownFileType = sourcecode.swift; path = "Shape+Fill.swift"; sourceTree = "<group>"; };
		0211F961288AB59E002A797E /* WorkListVM.swift */ = {isa = PBXFileReference; lastKnownFileType = sourcecode.swift; path = WorkListVM.swift; sourceTree = "<group>"; };
		021B286B270CB08C0093B0C9 /* Canvas.app */ = {isa = PBXFileReference; explicitFileType = wrapper.application; includeInIndex = 0; path = Canvas.app; sourceTree = BUILT_PRODUCTS_DIR; };
		021B286E270CB08C0093B0C9 /* CanvasApp.swift */ = {isa = PBXFileReference; lastKnownFileType = sourcecode.swift; path = CanvasApp.swift; sourceTree = "<group>"; };
		021B2870270CB08C0093B0C9 /* RootView.swift */ = {isa = PBXFileReference; lastKnownFileType = sourcecode.swift; path = RootView.swift; sourceTree = "<group>"; };
		021B2872270CB08D0093B0C9 /* Assets.xcassets */ = {isa = PBXFileReference; lastKnownFileType = folder.assetcatalog; path = Assets.xcassets; sourceTree = "<group>"; };
		021B2875270CB08D0093B0C9 /* Preview Assets.xcassets */ = {isa = PBXFileReference; lastKnownFileType = folder.assetcatalog; path = "Preview Assets.xcassets"; sourceTree = "<group>"; };
		021B287D270CB27E0093B0C9 /* Abstract.swift */ = {isa = PBXFileReference; lastKnownFileType = sourcecode.swift; path = Abstract.swift; sourceTree = "<group>"; };
		021B2881270CB3790093B0C9 /* Functions.swift */ = {isa = PBXFileReference; lastKnownFileType = sourcecode.swift; path = Functions.swift; sourceTree = "<group>"; };
		022691B5271DABEA00C0D209 /* LineArt2.swift */ = {isa = PBXFileReference; lastKnownFileType = sourcecode.swift; path = LineArt2.swift; sourceTree = "<group>"; };
		022C17CA2712C26200D2FD62 /* Lightning.swift */ = {isa = PBXFileReference; lastKnownFileType = sourcecode.swift; path = Lightning.swift; sourceTree = "<group>"; };
		022C17CC2712FE6700D2FD62 /* ParticleStream.swift */ = {isa = PBXFileReference; lastKnownFileType = sourcecode.swift; path = ParticleStream.swift; sourceTree = "<group>"; };
		0231698328D72B2F0027FAF8 /* ArchivePageView.swift */ = {isa = PBXFileReference; lastKnownFileType = sourcecode.swift; path = ArchivePageView.swift; sourceTree = "<group>"; };
		0231698528D7406D0027FAF8 /* ArchivePageVM.swift */ = {isa = PBXFileReference; lastKnownFileType = sourcecode.swift; path = ArchivePageVM.swift; sourceTree = "<group>"; };
		02388F8928CB12F400E2AAC0 /* ContractListVM.swift */ = {isa = PBXFileReference; lastKnownFileType = sourcecode.swift; path = ContractListVM.swift; sourceTree = "<group>"; };
		02388F8B28CB130B00E2AAC0 /* ContractDetailVM.swift */ = {isa = PBXFileReference; lastKnownFileType = sourcecode.swift; path = ContractDetailVM.swift; sourceTree = "<group>"; };
		02388F8D28CB13A500E2AAC0 /* ContractListView.swift */ = {isa = PBXFileReference; lastKnownFileType = sourcecode.swift; path = ContractListView.swift; sourceTree = "<group>"; };
		02388F8F28CB13C300E2AAC0 /* ContractDetailView.swift */ = {isa = PBXFileReference; lastKnownFileType = sourcecode.swift; path = ContractDetailView.swift; sourceTree = "<group>"; };
		02388F9228CB18B400E2AAC0 /* Models.swift */ = {isa = PBXFileReference; lastKnownFileType = sourcecode.swift; path = Models.swift; sourceTree = "<group>"; };
		02392F1C271C35B200D8931F /* Lorenz3D.swift */ = {isa = PBXFileReference; lastKnownFileType = sourcecode.swift; path = Lorenz3D.swift; sourceTree = "<group>"; };
		02392F1E271C502600D8931F /* RectangleGetter.swift */ = {isa = PBXFileReference; lastKnownFileType = sourcecode.swift; path = RectangleGetter.swift; sourceTree = "<group>"; };
		02392F20271C551200D8931F /* SpiderDesign.swift */ = {isa = PBXFileReference; lastKnownFileType = sourcecode.swift; path = SpiderDesign.swift; sourceTree = "<group>"; };
		023AC5FD272C69A2005C858D /* RemoteImageView.swift */ = {isa = PBXFileReference; lastKnownFileType = sourcecode.swift; path = RemoteImageView.swift; sourceTree = "<group>"; };
		02449DA727231D93000A011A /* Error.swift */ = {isa = PBXFileReference; lastKnownFileType = sourcecode.swift; path = Error.swift; sourceTree = "<group>"; };
		02495FDC2711A3E30023230B /* BoidsMajic.swift */ = {isa = PBXFileReference; lastKnownFileType = sourcecode.swift; path = BoidsMajic.swift; sourceTree = "<group>"; };
		02543C7C271D3C29009AE283 /* MapGenerator.swift */ = {isa = PBXFileReference; lastKnownFileType = sourcecode.swift; path = MapGenerator.swift; sourceTree = "<group>"; };
		02543C7E271D665E009AE283 /* CircleDesign.swift */ = {isa = PBXFileReference; lastKnownFileType = sourcecode.swift; path = CircleDesign.swift; sourceTree = "<group>"; };
		0258C0A928ED31FE00F6F14B /* Colors.xcassets */ = {isa = PBXFileReference; lastKnownFileType = folder.assetcatalog; path = Colors.xcassets; sourceTree = "<group>"; };
		026C5E662729B68100995BCB /* canvas.app.graphql */ = {isa = PBXFileReference; fileEncoding = 4; lastKnownFileType = text; path = canvas.app.graphql; sourceTree = "<group>"; };
		026C5E6A2729BA2500995BCB /* canvas.schema.graphql */ = {isa = PBXFileReference; fileEncoding = 4; lastKnownFileType = text; path = canvas.schema.graphql; sourceTree = "<group>"; };
		026C5E6C2729BA8C00995BCB /* CanvasAPI.swift */ = {isa = PBXFileReference; fileEncoding = 4; lastKnownFileType = sourcecode.swift; path = CanvasAPI.swift; sourceTree = "<group>"; };
		02780674282E0E9A00074144 /* SellNftView.swift */ = {isa = PBXFileReference; lastKnownFileType = sourcecode.swift; path = SellNftView.swift; sourceTree = "<group>"; };
		028D3AA32729B1DA000EC82F /* FirebaseMessage.swift */ = {isa = PBXFileReference; lastKnownFileType = sourcecode.swift; path = FirebaseMessage.swift; sourceTree = "<group>"; };
		028DC772271EC45200B7AF1B /* Bound.swift */ = {isa = PBXFileReference; lastKnownFileType = sourcecode.swift; path = Bound.swift; sourceTree = "<group>"; };
		028DC774271EED0C00B7AF1B /* Fish.swift */ = {isa = PBXFileReference; lastKnownFileType = sourcecode.swift; path = Fish.swift; sourceTree = "<group>"; };
		028DC776271F0B9D00B7AF1B /* Work.swift */ = {isa = PBXFileReference; lastKnownFileType = sourcecode.swift; path = Work.swift; sourceTree = "<group>"; };
		02988E82288BDA5300B6A540 /* FrameListVM.swift */ = {isa = PBXFileReference; lastKnownFileType = sourcecode.swift; path = FrameListVM.swift; sourceTree = "<group>"; };
		0299D8142720684200483DE1 /* Recorder.swift */ = {isa = PBXFileReference; lastKnownFileType = sourcecode.swift; path = Recorder.swift; sourceTree = "<group>"; };
		029B2FFB2722CAA5008BC3F3 /* GoogleService-Info.plist */ = {isa = PBXFileReference; fileEncoding = 4; lastKnownFileType = text.plist.xml; path = "GoogleService-Info.plist"; sourceTree = "<group>"; };
		029B30062722E25F008BC3F3 /* FirebaseStorage.swift */ = {isa = PBXFileReference; lastKnownFileType = sourcecode.swift; path = FirebaseStorage.swift; sourceTree = "<group>"; };
		029B30082722E959008BC3F3 /* FirebaseAuth.swift */ = {isa = PBXFileReference; lastKnownFileType = sourcecode.swift; path = FirebaseAuth.swift; sourceTree = "<group>"; };
		029DDF0D2889BAE600118174 /* Navigation+TCA.swift */ = {isa = PBXFileReference; lastKnownFileType = sourcecode.swift; path = "Navigation+TCA.swift"; sourceTree = "<group>"; };
		029DDF0F2889BB3600118174 /* RootVM.swift */ = {isa = PBXFileReference; lastKnownFileType = sourcecode.swift; path = RootVM.swift; sourceTree = "<group>"; };
		029E6A86271EA64F00F6A8EF /* ColorRain.swift */ = {isa = PBXFileReference; lastKnownFileType = sourcecode.swift; path = ColorRain.swift; sourceTree = "<group>"; };
		02A19D44272C517D00DBFA24 /* WorkListView.swift */ = {isa = PBXFileReference; lastKnownFileType = sourcecode.swift; path = WorkListView.swift; sourceTree = "<group>"; };
		02A19D46272C518C00DBFA24 /* FrameListView.swift */ = {isa = PBXFileReference; lastKnownFileType = sourcecode.swift; path = FrameListView.swift; sourceTree = "<group>"; };
		02AB3C2A27D27C84008043A6 /* MintNftView.swift */ = {isa = PBXFileReference; lastKnownFileType = sourcecode.swift; path = MintNftView.swift; sourceTree = "<group>"; };
		02AB3C2D27D2810B008043A6 /* TextField.swift */ = {isa = PBXFileReference; lastKnownFileType = sourcecode.swift; path = TextField.swift; sourceTree = "<group>"; };
		02AB3C2F27D281F2008043A6 /* Button.swift */ = {isa = PBXFileReference; lastKnownFileType = sourcecode.swift; path = Button.swift; sourceTree = "<group>"; };
		02AB3C3427D2848F008043A6 /* HUD.swift */ = {isa = PBXFileReference; lastKnownFileType = sourcecode.swift; path = HUD.swift; sourceTree = "<group>"; };
		02AE85DF28F0348200C7958C /* BulkMintNftView.swift */ = {isa = PBXFileReference; lastKnownFileType = sourcecode.swift; path = BulkMintNftView.swift; sourceTree = "<group>"; };
		02AE85E128F03CA300C7958C /* BulkSellNftView.swift */ = {isa = PBXFileReference; lastKnownFileType = sourcecode.swift; path = BulkSellNftView.swift; sourceTree = "<group>"; };
		02B25ED82711361F0067A73D /* BoidsDesign.swift */ = {isa = PBXFileReference; lastKnownFileType = sourcecode.swift; path = BoidsDesign.swift; sourceTree = "<group>"; };
		02B3A7BA28F0219900DC5CFE /* TokenListVM.swift */ = {isa = PBXFileReference; lastKnownFileType = sourcecode.swift; path = TokenListVM.swift; sourceTree = "<group>"; };
		02B3A7BE28F0245F00DC5CFE /* MultiTokenListVM.swift */ = {isa = PBXFileReference; lastKnownFileType = sourcecode.swift; path = MultiTokenListVM.swift; sourceTree = "<group>"; };
		02B3A7C028F0294000DC5CFE /* TokenListView.swift */ = {isa = PBXFileReference; lastKnownFileType = sourcecode.swift; path = TokenListView.swift; sourceTree = "<group>"; };
		02B3A7C228F0295200DC5CFE /* MultiTokenListView.swift */ = {isa = PBXFileReference; lastKnownFileType = sourcecode.swift; path = MultiTokenListView.swift; sourceTree = "<group>"; };
		02BFA0F2272A7969002997F8 /* CanvasClient.swift */ = {isa = PBXFileReference; lastKnownFileType = sourcecode.swift; path = CanvasClient.swift; sourceTree = "<group>"; };
		02C696952718467A00C65CDC /* SplashReturn.swift */ = {isa = PBXFileReference; lastKnownFileType = sourcecode.swift; path = SplashReturn.swift; sourceTree = "<group>"; };
		02D26CCA273183E500678F6F /* VideoView.swift */ = {isa = PBXFileReference; lastKnownFileType = sourcecode.swift; path = VideoView.swift; sourceTree = "<group>"; };
		02D26CCC2731848500678F6F /* ArchiveDetailView.swift */ = {isa = PBXFileReference; lastKnownFileType = sourcecode.swift; path = ArchiveDetailView.swift; sourceTree = "<group>"; };
		02D2A1112715CE5B00CF5AD1 /* Splash.swift */ = {isa = PBXFileReference; lastKnownFileType = sourcecode.swift; path = Splash.swift; sourceTree = "<group>"; };
		02D78D9227295F220026A66A /* Canvas.entitlements */ = {isa = PBXFileReference; lastKnownFileType = text.plist.entitlements; path = Canvas.entitlements; sourceTree = "<group>"; };
		02D78D9327295F340026A66A /* CanvasRelease.entitlements */ = {isa = PBXFileReference; lastKnownFileType = text.plist.entitlements; path = CanvasRelease.entitlements; sourceTree = "<group>"; };
		02D78D9427295F7B0026A66A /* Info.plist */ = {isa = PBXFileReference; lastKnownFileType = text.plist.xml; path = Info.plist; sourceTree = "<group>"; };
		02E188F4288ABC30001F24F5 /* WalletVM.swift */ = {isa = PBXFileReference; lastKnownFileType = sourcecode.swift; path = WalletVM.swift; sourceTree = "<group>"; };
		02E20E2227CDFD1700AED50C /* NetworkInterceptor.swift */ = {isa = PBXFileReference; lastKnownFileType = sourcecode.swift; path = NetworkInterceptor.swift; sourceTree = "<group>"; };
		02E20E2427CE36E400AED50C /* AmplifyAuth.swift */ = {isa = PBXFileReference; lastKnownFileType = sourcecode.swift; path = AmplifyAuth.swift; sourceTree = "<group>"; };
		02E20E2627CE3FAC00AED50C /* NftClient.swift */ = {isa = PBXFileReference; lastKnownFileType = sourcecode.swift; path = NftClient.swift; sourceTree = "<group>"; };
		02E20E2927CE449500AED50C /* nft.schema.graphql */ = {isa = PBXFileReference; fileEncoding = 4; lastKnownFileType = text; path = nft.schema.graphql; sourceTree = "<group>"; };
		02E20E2B27CE44D100AED50C /* nft.app.graphql */ = {isa = PBXFileReference; lastKnownFileType = text; path = nft.app.graphql; sourceTree = "<group>"; };
		02E20E2D27CE46F300AED50C /* NftAPI.swift */ = {isa = PBXFileReference; fileEncoding = 4; lastKnownFileType = sourcecode.swift; path = NftAPI.swift; sourceTree = "<group>"; };
		02E31FAA270F475100B94A81 /* LineArt.swift */ = {isa = PBXFileReference; lastKnownFileType = sourcecode.swift; path = LineArt.swift; sourceTree = "<group>"; };
		02F05F4E2824F08100A36AD4 /* WalletView.swift */ = {isa = PBXFileReference; lastKnownFileType = sourcecode.swift; path = WalletView.swift; sourceTree = "<group>"; };
		02F297A6288C1B3F00A50E60 /* ArchiveListVM.swift */ = {isa = PBXFileReference; lastKnownFileType = sourcecode.swift; path = ArchiveListVM.swift; sourceTree = "<group>"; };
		02F297A8288C235B00A50E60 /* ArchiveDetailVM.swift */ = {isa = PBXFileReference; lastKnownFileType = sourcecode.swift; path = ArchiveDetailVM.swift; sourceTree = "<group>"; };
		02F2EF0C27143FF800415B9A /* StreamDesign.swift */ = {isa = PBXFileReference; lastKnownFileType = sourcecode.swift; path = StreamDesign.swift; sourceTree = "<group>"; };
		02F6CC412714775E002C22B7 /* ParticleRotate3D.swift */ = {isa = PBXFileReference; lastKnownFileType = sourcecode.swift; path = ParticleRotate3D.swift; sourceTree = "<group>"; };
		02F944B6272DA321002A9B2B /* ArchiveListView.swift */ = {isa = PBXFileReference; lastKnownFileType = sourcecode.swift; path = ArchiveListView.swift; sourceTree = "<group>"; };
		02F944B8272DA539002A9B2B /* FrameDetailView.swift */ = {isa = PBXFileReference; lastKnownFileType = sourcecode.swift; path = FrameDetailView.swift; sourceTree = "<group>"; };
		51BFA9E102289A317FC68E7F /* amplifyconfiguration.json */ = {isa = PBXFileReference; explicitFileType = text.json; path = amplifyconfiguration.json; sourceTree = "<group>"; };
		C1A4623953676213E54F0289 /* awsconfiguration.json */ = {isa = PBXFileReference; explicitFileType = text.json; path = awsconfiguration.json; sourceTree = "<group>"; };
/* End PBXFileReference section */

/* Begin PBXFrameworksBuildPhase section */
		021B2868270CB08C0093B0C9 /* Frameworks */ = {
			isa = PBXFrameworksBuildPhase;
			buildActionMask = 2147483647;
			files = (
				0205F1652823FCF2008B8FF8 /* FirebaseMessaging in Frameworks */,
				02AB3C3327D28470008043A6 /* ActivityIndicatorView in Frameworks */,
				0231698228D72A470027FAF8 /* SwiftUIPager in Frameworks */,
				029DDF0A2889BAA800118174 /* ComposableArchitecture in Frameworks */,
				0205F15F2823FCF2008B8FF8 /* FirebaseAuth in Frameworks */,
				0205F1672823FCF2008B8FF8 /* FirebaseStorage in Frameworks */,
				02F4C30D27CCF99F00746255 /* Amplify in Frameworks */,
				0205F1632823FCF2008B8FF8 /* FirebaseFunctions in Frameworks */,
				026C5E702729BB0400995BCB /* Apollo in Frameworks */,
				02F4C30B27CCF99F00746255 /* AWSCognitoAuthPlugin in Frameworks */,
				0205F1612823FCF2008B8FF8 /* FirebaseFirestore in Frameworks */,
			);
			runOnlyForDeploymentPostprocessing = 0;
		};
/* End PBXFrameworksBuildPhase section */

/* Begin PBXGroup section */
		0211F95C288AB3A2002A797E /* Extension */ = {
			isa = PBXGroup;
			children = (
				0211F95D288AB3C3002A797E /* UIView+Image.swift */,
				0211F95F288AB3E2002A797E /* Shape+Fill.swift */,
			);
			path = Extension;
			sourceTree = "<group>";
		};
		021B2862270CB08C0093B0C9 = {
			isa = PBXGroup;
			children = (
				021B286D270CB08C0093B0C9 /* Canvas */,
				021B286C270CB08C0093B0C9 /* Products */,
				5E38AE5131697EC574C4ACC6 /* AmplifyConfig */,
			);
			sourceTree = "<group>";
		};
		021B286C270CB08C0093B0C9 /* Products */ = {
			isa = PBXGroup;
			children = (
				021B286B270CB08C0093B0C9 /* Canvas.app */,
			);
			name = Products;
			sourceTree = "<group>";
		};
		021B286D270CB08C0093B0C9 /* Canvas */ = {
			isa = PBXGroup;
			children = (
				029B30042722E1CD008BC3F3 /* Infra */,
				02388F9128CB189F00E2AAC0 /* Model */,
				029DDF0B2889BAB600118174 /* TCA */,
				021B287C270CB2590093B0C9 /* Work */,
				02A19D43272C516500DBFA24 /* View */,
				021B286E270CB08C0093B0C9 /* CanvasApp.swift */,
				021B2872270CB08D0093B0C9 /* Assets.xcassets */,
				0258C0A928ED31FE00F6F14B /* Colors.xcassets */,
				02D78D9427295F7B0026A66A /* Info.plist */,
				029B2FFB2722CAA5008BC3F3 /* GoogleService-Info.plist */,
				02D78D9327295F340026A66A /* CanvasRelease.entitlements */,
				02D78D9227295F220026A66A /* Canvas.entitlements */,
				021B2874270CB08D0093B0C9 /* Preview Content */,
			);
			path = Canvas;
			sourceTree = "<group>";
		};
		021B2874270CB08D0093B0C9 /* Preview Content */ = {
			isa = PBXGroup;
			children = (
				021B2875270CB08D0093B0C9 /* Preview Assets.xcassets */,
			);
			path = "Preview Content";
			sourceTree = "<group>";
		};
		021B287C270CB2590093B0C9 /* Work */ = {
			isa = PBXGroup;
			children = (
				0299D8142720684200483DE1 /* Recorder.swift */,
				021B2881270CB3790093B0C9 /* Functions.swift */,
				028DC776271F0B9D00B7AF1B /* Work.swift */,
				021B287D270CB27E0093B0C9 /* Abstract.swift */,
				02E31FAA270F475100B94A81 /* LineArt.swift */,
				022691B5271DABEA00C0D209 /* LineArt2.swift */,
				02B25ED82711361F0067A73D /* BoidsDesign.swift */,
				02495FDC2711A3E30023230B /* BoidsMajic.swift */,
				022C17CA2712C26200D2FD62 /* Lightning.swift */,
				022C17CC2712FE6700D2FD62 /* ParticleStream.swift */,
				02F2EF0C27143FF800415B9A /* StreamDesign.swift */,
				02F6CC412714775E002C22B7 /* ParticleRotate3D.swift */,
				02D2A1112715CE5B00CF5AD1 /* Splash.swift */,
				02C696952718467A00C65CDC /* SplashReturn.swift */,
				02392F1C271C35B200D8931F /* Lorenz3D.swift */,
				02392F20271C551200D8931F /* SpiderDesign.swift */,
				02543C7C271D3C29009AE283 /* MapGenerator.swift */,
				02543C7E271D665E009AE283 /* CircleDesign.swift */,
				029E6A86271EA64F00F6A8EF /* ColorRain.swift */,
				028DC772271EC45200B7AF1B /* Bound.swift */,
				028DC774271EED0C00B7AF1B /* Fish.swift */,
			);
			path = Work;
			sourceTree = "<group>";
		};
		02388F9128CB189F00E2AAC0 /* Model */ = {
			isa = PBXGroup;
			children = (
				02388F9228CB18B400E2AAC0 /* Models.swift */,
			);
			path = Model;
			sourceTree = "<group>";
		};
		026C5E652729B5DB00995BCB /* CanvasServer */ = {
			isa = PBXGroup;
			children = (
				026C5E6C2729BA8C00995BCB /* CanvasAPI.swift */,
				02BFA0F2272A7969002997F8 /* CanvasClient.swift */,
				026C5E662729B68100995BCB /* canvas.app.graphql */,
				026C5E6A2729BA2500995BCB /* canvas.schema.graphql */,
			);
			path = CanvasServer;
			sourceTree = "<group>";
		};
		029B30042722E1CD008BC3F3 /* Infra */ = {
			isa = PBXGroup;
			children = (
				026C5E652729B5DB00995BCB /* CanvasServer */,
				02E20E2827CE3FB400AED50C /* NftServer */,
				029B30062722E25F008BC3F3 /* FirebaseStorage.swift */,
				029B30082722E959008BC3F3 /* FirebaseAuth.swift */,
				028D3AA32729B1DA000EC82F /* FirebaseMessage.swift */,
				02E20E2227CDFD1700AED50C /* NetworkInterceptor.swift */,
				02E20E2427CE36E400AED50C /* AmplifyAuth.swift */,
				02449DA727231D93000A011A /* Error.swift */,
			);
			path = Infra;
			sourceTree = "<group>";
		};
		029DDF0B2889BAB600118174 /* TCA */ = {
			isa = PBXGroup;
			children = (
				029DDF0C2889BAC800118174 /* Extension */,
				029DDF0F2889BB3600118174 /* RootVM.swift */,
				0211F961288AB59E002A797E /* WorkListVM.swift */,
				0231698528D7406D0027FAF8 /* ArchivePageVM.swift */,
				02F297A6288C1B3F00A50E60 /* ArchiveListVM.swift */,
				02F297A8288C235B00A50E60 /* ArchiveDetailVM.swift */,
				02988E82288BDA5300B6A540 /* FrameListVM.swift */,
				02E188F4288ABC30001F24F5 /* WalletVM.swift */,
				02388F8928CB12F400E2AAC0 /* ContractListVM.swift */,
				02388F8B28CB130B00E2AAC0 /* ContractDetailVM.swift */,
				02B3A7BA28F0219900DC5CFE /* TokenListVM.swift */,
				02B3A7BE28F0245F00DC5CFE /* MultiTokenListVM.swift */,
			);
			path = TCA;
			sourceTree = "<group>";
		};
		029DDF0C2889BAC800118174 /* Extension */ = {
			isa = PBXGroup;
			children = (
				029DDF0D2889BAE600118174 /* Navigation+TCA.swift */,
			);
			path = Extension;
			sourceTree = "<group>";
		};
		02A19D43272C516500DBFA24 /* View */ = {
			isa = PBXGroup;
			children = (
				0211F95C288AB3A2002A797E /* Extension */,
				02AB3C2C27D280F8008043A6 /* Component */,
				021B2870270CB08C0093B0C9 /* RootView.swift */,
				02A19D44272C517D00DBFA24 /* WorkListView.swift */,
				0231698328D72B2F0027FAF8 /* ArchivePageView.swift */,
				02F944B6272DA321002A9B2B /* ArchiveListView.swift */,
				02D26CCC2731848500678F6F /* ArchiveDetailView.swift */,
				02AB3C2A27D27C84008043A6 /* MintNftView.swift */,
				02AE85DF28F0348200C7958C /* BulkMintNftView.swift */,
				02780674282E0E9A00074144 /* SellNftView.swift */,
				02AE85E128F03CA300C7958C /* BulkSellNftView.swift */,
				02A19D46272C518C00DBFA24 /* FrameListView.swift */,
				02F944B8272DA539002A9B2B /* FrameDetailView.swift */,
				02388F8D28CB13A500E2AAC0 /* ContractListView.swift */,
				02388F8F28CB13C300E2AAC0 /* ContractDetailView.swift */,
				02B3A7C028F0294000DC5CFE /* TokenListView.swift */,
				02B3A7C228F0295200DC5CFE /* MultiTokenListView.swift */,
				02F05F4E2824F08100A36AD4 /* WalletView.swift */,
			);
			path = View;
			sourceTree = "<group>";
		};
		02AB3C2C27D280F8008043A6 /* Component */ = {
			isa = PBXGroup;
			children = (
				02392F1E271C502600D8931F /* RectangleGetter.swift */,
				02AB3C2D27D2810B008043A6 /* TextField.swift */,
				02AB3C2F27D281F2008043A6 /* Button.swift */,
				02AB3C3427D2848F008043A6 /* HUD.swift */,
				023AC5FD272C69A2005C858D /* RemoteImageView.swift */,
				02D26CCA273183E500678F6F /* VideoView.swift */,
			);
			path = Component;
			sourceTree = "<group>";
		};
		02E20E2827CE3FB400AED50C /* NftServer */ = {
			isa = PBXGroup;
			children = (
				02E20E2D27CE46F300AED50C /* NftAPI.swift */,
				02E20E2627CE3FAC00AED50C /* NftClient.swift */,
				02E20E2B27CE44D100AED50C /* nft.app.graphql */,
				02E20E2927CE449500AED50C /* nft.schema.graphql */,
			);
			path = NftServer;
			sourceTree = "<group>";
		};
		5E38AE5131697EC574C4ACC6 /* AmplifyConfig */ = {
			isa = PBXGroup;
			children = (
				C1A4623953676213E54F0289 /* awsconfiguration.json */,
				51BFA9E102289A317FC68E7F /* amplifyconfiguration.json */,
			);
			name = AmplifyConfig;
			sourceTree = "<group>";
		};
/* End PBXGroup section */

/* Begin PBXNativeTarget section */
		021B286A270CB08C0093B0C9 /* Canvas */ = {
			isa = PBXNativeTarget;
			buildConfigurationList = 021B2879270CB08D0093B0C9 /* Build configuration list for PBXNativeTarget "Canvas" */;
			buildPhases = (
				021B2867270CB08C0093B0C9 /* Sources */,
				021B2868270CB08C0093B0C9 /* Frameworks */,
				021B2869270CB08C0093B0C9 /* Resources */,
			);
			buildRules = (
			);
			dependencies = (
			);
			name = Canvas;
			packageProductDependencies = (
				026C5E6F2729BB0400995BCB /* Apollo */,
				02F4C30A27CCF99F00746255 /* AWSCognitoAuthPlugin */,
				02F4C30C27CCF99F00746255 /* Amplify */,
				02AB3C3227D28470008043A6 /* ActivityIndicatorView */,
				0205F15E2823FCF2008B8FF8 /* FirebaseAuth */,
				0205F1602823FCF2008B8FF8 /* FirebaseFirestore */,
				0205F1622823FCF2008B8FF8 /* FirebaseFunctions */,
				0205F1642823FCF2008B8FF8 /* FirebaseMessaging */,
				0205F1662823FCF2008B8FF8 /* FirebaseStorage */,
				029DDF092889BAA800118174 /* ComposableArchitecture */,
				0231698128D72A470027FAF8 /* SwiftUIPager */,
			);
			productName = Canvas;
			productReference = 021B286B270CB08C0093B0C9 /* Canvas.app */;
			productType = "com.apple.product-type.application";
		};
/* End PBXNativeTarget section */

/* Begin PBXProject section */
		021B2863270CB08C0093B0C9 /* Project object */ = {
			isa = PBXProject;
			attributes = {
				BuildIndependentTargetsInParallel = 1;
				LastSwiftUpdateCheck = 1300;
				LastUpgradeCheck = 1300;
				TargetAttributes = {
					021B286A270CB08C0093B0C9 = {
						CreatedOnToolsVersion = 13.0;
					};
				};
			};
			buildConfigurationList = 021B2866270CB08C0093B0C9 /* Build configuration list for PBXProject "Canvas" */;
			compatibilityVersion = "Xcode 13.0";
			developmentRegion = en;
			hasScannedForEncodings = 0;
			knownRegions = (
				en,
				Base,
			);
			mainGroup = 021B2862270CB08C0093B0C9;
			packageReferences = (
				026C5E6E2729BB0400995BCB /* XCRemoteSwiftPackageReference "apollo-ios" */,
				02F4C30927CCF99F00746255 /* XCRemoteSwiftPackageReference "amplify-ios" */,
				02AB3C3127D28470008043A6 /* XCRemoteSwiftPackageReference "ActivityIndicatorView" */,
				0205F15D2823FCF2008B8FF8 /* XCRemoteSwiftPackageReference "firebase-ios-sdk" */,
				029DDF082889BAA800118174 /* XCRemoteSwiftPackageReference "swift-composable-architecture" */,
				0231698028D72A470027FAF8 /* XCRemoteSwiftPackageReference "SwiftUIPager" */,
			);
			productRefGroup = 021B286C270CB08C0093B0C9 /* Products */;
			projectDirPath = "";
			projectRoot = "";
			targets = (
				021B286A270CB08C0093B0C9 /* Canvas */,
			);
		};
/* End PBXProject section */

/* Begin PBXResourcesBuildPhase section */
		021B2869270CB08C0093B0C9 /* Resources */ = {
			isa = PBXResourcesBuildPhase;
			buildActionMask = 2147483647;
			files = (
				021B2876270CB08D0093B0C9 /* Preview Assets.xcassets in Resources */,
				026C5E672729B68100995BCB /* canvas.app.graphql in Resources */,
				021B2873270CB08D0093B0C9 /* Assets.xcassets in Resources */,
				026C5E6B2729BA2500995BCB /* canvas.schema.graphql in Resources */,
				02E20E2A27CE449500AED50C /* nft.schema.graphql in Resources */,
				0258C0AA28ED31FE00F6F14B /* Colors.xcassets in Resources */,
				02E20E2C27CE44D100AED50C /* nft.app.graphql in Resources */,
				029B2FFC2722CAA5008BC3F3 /* GoogleService-Info.plist in Resources */,
				F9CBD627AFC66549B3CA7FCE /* awsconfiguration.json in Resources */,
				40B02CB9A55727D506E7E49C /* amplifyconfiguration.json in Resources */,
			);
			runOnlyForDeploymentPostprocessing = 0;
		};
/* End PBXResourcesBuildPhase section */

/* Begin PBXSourcesBuildPhase section */
		021B2867270CB08C0093B0C9 /* Sources */ = {
			isa = PBXSourcesBuildPhase;
			buildActionMask = 2147483647;
			files = (
				02388F8C28CB130B00E2AAC0 /* ContractDetailVM.swift in Sources */,
				029E6A87271EA64F00F6A8EF /* ColorRain.swift in Sources */,
				02388F9328CB18B400E2AAC0 /* Models.swift in Sources */,
				02392F1F271C502600D8931F /* RectangleGetter.swift in Sources */,
				02495FDD2711A3E30023230B /* BoidsMajic.swift in Sources */,
				02AE85E228F03CA300C7958C /* BulkSellNftView.swift in Sources */,
				028DC775271EED0C00B7AF1B /* Fish.swift in Sources */,
				02B3A7C328F0295200DC5CFE /* MultiTokenListView.swift in Sources */,
				022C17CD2712FE6700D2FD62 /* ParticleStream.swift in Sources */,
				021B2871270CB08C0093B0C9 /* RootView.swift in Sources */,
				02F6CC422714775E002C22B7 /* ParticleRotate3D.swift in Sources */,
				02388F8E28CB13A500E2AAC0 /* ContractListView.swift in Sources */,
				0211F962288AB59E002A797E /* WorkListVM.swift in Sources */,
				028DC773271EC45200B7AF1B /* Bound.swift in Sources */,
				02388F9028CB13C300E2AAC0 /* ContractDetailView.swift in Sources */,
				029DDF0E2889BAE600118174 /* Navigation+TCA.swift in Sources */,
				02F297A9288C235B00A50E60 /* ArchiveDetailVM.swift in Sources */,
				02988E83288BDA5300B6A540 /* FrameListVM.swift in Sources */,
				02B25ED92711361F0067A73D /* BoidsDesign.swift in Sources */,
				02D26CCD2731848500678F6F /* ArchiveDetailView.swift in Sources */,
				023AC5FE272C69A2005C858D /* RemoteImageView.swift in Sources */,
				02F944B9272DA539002A9B2B /* FrameDetailView.swift in Sources */,
				02A19D45272C517D00DBFA24 /* WorkListView.swift in Sources */,
				02AB3C3527D2848F008043A6 /* HUD.swift in Sources */,
				02AB3C3027D281F2008043A6 /* Button.swift in Sources */,
				022691B6271DABEA00C0D209 /* LineArt2.swift in Sources */,
				02AE85E028F0348200C7958C /* BulkMintNftView.swift in Sources */,
				02AB3C2E27D2810B008043A6 /* TextField.swift in Sources */,
				028D3AA42729B1DA000EC82F /* FirebaseMessage.swift in Sources */,
				02392F21271C551200D8931F /* SpiderDesign.swift in Sources */,
				021B286F270CB08C0093B0C9 /* CanvasApp.swift in Sources */,
				021B287E270CB27E0093B0C9 /* Abstract.swift in Sources */,
				02E31FAB270F475100B94A81 /* LineArt.swift in Sources */,
				02F05F4F2824F08100A36AD4 /* WalletView.swift in Sources */,
				029DDF102889BB3600118174 /* RootVM.swift in Sources */,
				02780675282E0E9A00074144 /* SellNftView.swift in Sources */,
				0299D8152720684200483DE1 /* Recorder.swift in Sources */,
				022C17CB2712C26200D2FD62 /* Lightning.swift in Sources */,
				029B30092722E959008BC3F3 /* FirebaseAuth.swift in Sources */,
				02E20E2727CE3FAC00AED50C /* NftClient.swift in Sources */,
				02C696962718467A00C65CDC /* SplashReturn.swift in Sources */,
				02B3A7BF28F0245F00DC5CFE /* MultiTokenListVM.swift in Sources */,
				02543C7F271D665E009AE283 /* CircleDesign.swift in Sources */,
				0231698428D72B2F0027FAF8 /* ArchivePageView.swift in Sources */,
				02E20E2327CDFD1700AED50C /* NetworkInterceptor.swift in Sources */,
				02449DA827231D93000A011A /* Error.swift in Sources */,
				026C5E6D2729BA8C00995BCB /* CanvasAPI.swift in Sources */,
				02A19D47272C518C00DBFA24 /* FrameListView.swift in Sources */,
				02B3A7BB28F0219900DC5CFE /* TokenListVM.swift in Sources */,
				02E20E2E27CE46F300AED50C /* NftAPI.swift in Sources */,
				02F2EF0D27143FF800415B9A /* StreamDesign.swift in Sources */,
				02AB3C2B27D27C84008043A6 /* MintNftView.swift in Sources */,
				02543C7D271D3C29009AE283 /* MapGenerator.swift in Sources */,
				028DC777271F0B9D00B7AF1B /* Work.swift in Sources */,
				021B2882270CB3790093B0C9 /* Functions.swift in Sources */,
				02D26CCB273183E500678F6F /* VideoView.swift in Sources */,
				02388F8A28CB12F400E2AAC0 /* ContractListVM.swift in Sources */,
				02F297A7288C1B3F00A50E60 /* ArchiveListVM.swift in Sources */,
				02BFA0F3272A7969002997F8 /* CanvasClient.swift in Sources */,
				0231698628D7406D0027FAF8 /* ArchivePageVM.swift in Sources */,
				02D2A1122715CE5B00CF5AD1 /* Splash.swift in Sources */,
				02F944B7272DA321002A9B2B /* ArchiveListView.swift in Sources */,
				0211F95E288AB3C3002A797E /* UIView+Image.swift in Sources */,
				02B3A7C128F0294000DC5CFE /* TokenListView.swift in Sources */,
				0211F960288AB3E2002A797E /* Shape+Fill.swift in Sources */,
				02E20E2527CE36E500AED50C /* AmplifyAuth.swift in Sources */,
				02E188F5288ABC30001F24F5 /* WalletVM.swift in Sources */,
				02392F1D271C35B200D8931F /* Lorenz3D.swift in Sources */,
				029B30072722E25F008BC3F3 /* FirebaseStorage.swift in Sources */,
			);
			runOnlyForDeploymentPostprocessing = 0;
		};
/* End PBXSourcesBuildPhase section */

/* Begin XCBuildConfiguration section */
		021B2877270CB08D0093B0C9 /* Debug */ = {
			isa = XCBuildConfiguration;
			buildSettings = {
				ALWAYS_SEARCH_USER_PATHS = NO;
				CLANG_ANALYZER_NONNULL = YES;
				CLANG_ANALYZER_NUMBER_OBJECT_CONVERSION = YES_AGGRESSIVE;
				CLANG_CXX_LANGUAGE_STANDARD = "gnu++17";
				CLANG_CXX_LIBRARY = "libc++";
				CLANG_ENABLE_MODULES = YES;
				CLANG_ENABLE_OBJC_ARC = YES;
				CLANG_ENABLE_OBJC_WEAK = YES;
				CLANG_WARN_BLOCK_CAPTURE_AUTORELEASING = YES;
				CLANG_WARN_BOOL_CONVERSION = YES;
				CLANG_WARN_COMMA = YES;
				CLANG_WARN_CONSTANT_CONVERSION = YES;
				CLANG_WARN_DEPRECATED_OBJC_IMPLEMENTATIONS = YES;
				CLANG_WARN_DIRECT_OBJC_ISA_USAGE = YES_ERROR;
				CLANG_WARN_DOCUMENTATION_COMMENTS = YES;
				CLANG_WARN_EMPTY_BODY = YES;
				CLANG_WARN_ENUM_CONVERSION = YES;
				CLANG_WARN_INFINITE_RECURSION = YES;
				CLANG_WARN_INT_CONVERSION = YES;
				CLANG_WARN_NON_LITERAL_NULL_CONVERSION = YES;
				CLANG_WARN_OBJC_IMPLICIT_RETAIN_SELF = YES;
				CLANG_WARN_OBJC_LITERAL_CONVERSION = YES;
				CLANG_WARN_OBJC_ROOT_CLASS = YES_ERROR;
				CLANG_WARN_QUOTED_INCLUDE_IN_FRAMEWORK_HEADER = YES;
				CLANG_WARN_RANGE_LOOP_ANALYSIS = YES;
				CLANG_WARN_STRICT_PROTOTYPES = YES;
				CLANG_WARN_SUSPICIOUS_MOVE = YES;
				CLANG_WARN_UNGUARDED_AVAILABILITY = YES_AGGRESSIVE;
				CLANG_WARN_UNREACHABLE_CODE = YES;
				CLANG_WARN__DUPLICATE_METHOD_MATCH = YES;
				COPY_PHASE_STRIP = NO;
				DEBUG_INFORMATION_FORMAT = dwarf;
				ENABLE_STRICT_OBJC_MSGSEND = YES;
				ENABLE_TESTABILITY = YES;
				GCC_C_LANGUAGE_STANDARD = gnu11;
				GCC_DYNAMIC_NO_PIC = NO;
				GCC_NO_COMMON_BLOCKS = YES;
				GCC_OPTIMIZATION_LEVEL = 0;
				GCC_PREPROCESSOR_DEFINITIONS = (
					"DEBUG=1",
					"$(inherited)",
				);
				GCC_WARN_64_TO_32_BIT_CONVERSION = YES;
				GCC_WARN_ABOUT_RETURN_TYPE = YES_ERROR;
				GCC_WARN_UNDECLARED_SELECTOR = YES;
				GCC_WARN_UNINITIALIZED_AUTOS = YES_AGGRESSIVE;
				GCC_WARN_UNUSED_FUNCTION = YES;
				GCC_WARN_UNUSED_VARIABLE = YES;
				IPHONEOS_DEPLOYMENT_TARGET = 15.0;
				MTL_ENABLE_DEBUG_INFO = INCLUDE_SOURCE;
				MTL_FAST_MATH = YES;
				ONLY_ACTIVE_ARCH = YES;
				SDKROOT = iphoneos;
				SWIFT_ACTIVE_COMPILATION_CONDITIONS = DEBUG;
				SWIFT_OPTIMIZATION_LEVEL = "-Onone";
			};
			name = Debug;
		};
		021B2878270CB08D0093B0C9 /* Release */ = {
			isa = XCBuildConfiguration;
			buildSettings = {
				ALWAYS_SEARCH_USER_PATHS = NO;
				CLANG_ANALYZER_NONNULL = YES;
				CLANG_ANALYZER_NUMBER_OBJECT_CONVERSION = YES_AGGRESSIVE;
				CLANG_CXX_LANGUAGE_STANDARD = "gnu++17";
				CLANG_CXX_LIBRARY = "libc++";
				CLANG_ENABLE_MODULES = YES;
				CLANG_ENABLE_OBJC_ARC = YES;
				CLANG_ENABLE_OBJC_WEAK = YES;
				CLANG_WARN_BLOCK_CAPTURE_AUTORELEASING = YES;
				CLANG_WARN_BOOL_CONVERSION = YES;
				CLANG_WARN_COMMA = YES;
				CLANG_WARN_CONSTANT_CONVERSION = YES;
				CLANG_WARN_DEPRECATED_OBJC_IMPLEMENTATIONS = YES;
				CLANG_WARN_DIRECT_OBJC_ISA_USAGE = YES_ERROR;
				CLANG_WARN_DOCUMENTATION_COMMENTS = YES;
				CLANG_WARN_EMPTY_BODY = YES;
				CLANG_WARN_ENUM_CONVERSION = YES;
				CLANG_WARN_INFINITE_RECURSION = YES;
				CLANG_WARN_INT_CONVERSION = YES;
				CLANG_WARN_NON_LITERAL_NULL_CONVERSION = YES;
				CLANG_WARN_OBJC_IMPLICIT_RETAIN_SELF = YES;
				CLANG_WARN_OBJC_LITERAL_CONVERSION = YES;
				CLANG_WARN_OBJC_ROOT_CLASS = YES_ERROR;
				CLANG_WARN_QUOTED_INCLUDE_IN_FRAMEWORK_HEADER = YES;
				CLANG_WARN_RANGE_LOOP_ANALYSIS = YES;
				CLANG_WARN_STRICT_PROTOTYPES = YES;
				CLANG_WARN_SUSPICIOUS_MOVE = YES;
				CLANG_WARN_UNGUARDED_AVAILABILITY = YES_AGGRESSIVE;
				CLANG_WARN_UNREACHABLE_CODE = YES;
				CLANG_WARN__DUPLICATE_METHOD_MATCH = YES;
				COPY_PHASE_STRIP = NO;
				DEBUG_INFORMATION_FORMAT = "dwarf-with-dsym";
				ENABLE_NS_ASSERTIONS = NO;
				ENABLE_STRICT_OBJC_MSGSEND = YES;
				GCC_C_LANGUAGE_STANDARD = gnu11;
				GCC_NO_COMMON_BLOCKS = YES;
				GCC_WARN_64_TO_32_BIT_CONVERSION = YES;
				GCC_WARN_ABOUT_RETURN_TYPE = YES_ERROR;
				GCC_WARN_UNDECLARED_SELECTOR = YES;
				GCC_WARN_UNINITIALIZED_AUTOS = YES_AGGRESSIVE;
				GCC_WARN_UNUSED_FUNCTION = YES;
				GCC_WARN_UNUSED_VARIABLE = YES;
				IPHONEOS_DEPLOYMENT_TARGET = 15.0;
				MTL_ENABLE_DEBUG_INFO = NO;
				MTL_FAST_MATH = YES;
				SDKROOT = iphoneos;
				SWIFT_COMPILATION_MODE = wholemodule;
				SWIFT_OPTIMIZATION_LEVEL = "-O";
				VALIDATE_PRODUCT = YES;
			};
			name = Release;
		};
		021B287A270CB08D0093B0C9 /* Debug */ = {
			isa = XCBuildConfiguration;
			buildSettings = {
				ASSETCATALOG_COMPILER_APPICON_NAME = AppIcon;
				ASSETCATALOG_COMPILER_GLOBAL_ACCENT_COLOR_NAME = AccentColor;
				CODE_SIGN_ENTITLEMENTS = Canvas/Canvas.entitlements;
				CODE_SIGN_IDENTITY = "Apple Development";
				CODE_SIGN_STYLE = Automatic;
				CURRENT_PROJECT_VERSION = 1;
				DEVELOPMENT_ASSET_PATHS = "\"Canvas/Preview Content\"";
				DEVELOPMENT_TEAM = 39KF2M8S75;
				ENABLE_PREVIEWS = YES;
				GENERATE_INFOPLIST_FILE = YES;
				INFOPLIST_FILE = Canvas/Info.plist;
				INFOPLIST_KEY_CFBundleDisplayName = "キャンバス";
				INFOPLIST_KEY_UIApplicationSceneManifest_Generation = YES;
				INFOPLIST_KEY_UIApplicationSupportsIndirectInputEvents = YES;
				INFOPLIST_KEY_UILaunchScreen_Generation = YES;
				INFOPLIST_KEY_UISupportedInterfaceOrientations = UIInterfaceOrientationPortrait;
				INFOPLIST_KEY_UISupportedInterfaceOrientations_iPad = "UIInterfaceOrientationPortrait UIInterfaceOrientationPortraitUpsideDown UIInterfaceOrientationLandscapeLeft UIInterfaceOrientationLandscapeRight";
				INFOPLIST_KEY_UISupportedInterfaceOrientations_iPhone = "UIInterfaceOrientationPortrait UIInterfaceOrientationLandscapeLeft UIInterfaceOrientationLandscapeRight";
				IPHONEOS_DEPLOYMENT_TARGET = 15.0;
				LD_RUNPATH_SEARCH_PATHS = (
					"$(inherited)",
					"@executable_path/Frameworks",
				);
				MARKETING_VERSION = 1.0;
				PRODUCT_BUNDLE_IDENTIFIER = app.akiho.canvas;
				PRODUCT_NAME = Canvas;
				PROVISIONING_PROFILE_SPECIFIER = "";
				SWIFT_EMIT_LOC_STRINGS = YES;
				SWIFT_VERSION = 5.0;
				TARGETED_DEVICE_FAMILY = 1;
			};
			name = Debug;
		};
		021B287B270CB08D0093B0C9 /* Release */ = {
			isa = XCBuildConfiguration;
			buildSettings = {
				ASSETCATALOG_COMPILER_APPICON_NAME = AppIcon;
				ASSETCATALOG_COMPILER_GLOBAL_ACCENT_COLOR_NAME = AccentColor;
				CODE_SIGN_ENTITLEMENTS = Canvas/CanvasRelease.entitlements;
				CODE_SIGN_IDENTITY = "Apple Development";
				CODE_SIGN_STYLE = Automatic;
				CURRENT_PROJECT_VERSION = 1;
				DEVELOPMENT_ASSET_PATHS = "\"Canvas/Preview Content\"";
				DEVELOPMENT_TEAM = 39KF2M8S75;
				ENABLE_PREVIEWS = YES;
				GENERATE_INFOPLIST_FILE = YES;
				INFOPLIST_FILE = Canvas/Info.plist;
				INFOPLIST_KEY_CFBundleDisplayName = "キャンバス";
				INFOPLIST_KEY_UIApplicationSceneManifest_Generation = YES;
				INFOPLIST_KEY_UIApplicationSupportsIndirectInputEvents = YES;
				INFOPLIST_KEY_UILaunchScreen_Generation = YES;
				INFOPLIST_KEY_UISupportedInterfaceOrientations = UIInterfaceOrientationPortrait;
				INFOPLIST_KEY_UISupportedInterfaceOrientations_iPad = "UIInterfaceOrientationPortrait UIInterfaceOrientationPortraitUpsideDown UIInterfaceOrientationLandscapeLeft UIInterfaceOrientationLandscapeRight";
				INFOPLIST_KEY_UISupportedInterfaceOrientations_iPhone = "UIInterfaceOrientationPortrait UIInterfaceOrientationLandscapeLeft UIInterfaceOrientationLandscapeRight";
				IPHONEOS_DEPLOYMENT_TARGET = 15.0;
				LD_RUNPATH_SEARCH_PATHS = (
					"$(inherited)",
					"@executable_path/Frameworks",
				);
				MARKETING_VERSION = 1.0;
				PRODUCT_BUNDLE_IDENTIFIER = app.akiho.canvas;
				PRODUCT_NAME = Canvas;
				PROVISIONING_PROFILE_SPECIFIER = "";
				SWIFT_EMIT_LOC_STRINGS = YES;
				SWIFT_VERSION = 5.0;
				TARGETED_DEVICE_FAMILY = 1;
			};
			name = Release;
		};
/* End XCBuildConfiguration section */

/* Begin XCConfigurationList section */
		021B2866270CB08C0093B0C9 /* Build configuration list for PBXProject "Canvas" */ = {
			isa = XCConfigurationList;
			buildConfigurations = (
				021B2877270CB08D0093B0C9 /* Debug */,
				021B2878270CB08D0093B0C9 /* Release */,
			);
			defaultConfigurationIsVisible = 0;
			defaultConfigurationName = Release;
		};
		021B2879270CB08D0093B0C9 /* Build configuration list for PBXNativeTarget "Canvas" */ = {
			isa = XCConfigurationList;
			buildConfigurations = (
				021B287A270CB08D0093B0C9 /* Debug */,
				021B287B270CB08D0093B0C9 /* Release */,
			);
			defaultConfigurationIsVisible = 0;
			defaultConfigurationName = Release;
		};
/* End XCConfigurationList section */

/* Begin XCRemoteSwiftPackageReference section */
		0205F15D2823FCF2008B8FF8 /* XCRemoteSwiftPackageReference "firebase-ios-sdk" */ = {
			isa = XCRemoteSwiftPackageReference;
			repositoryURL = "https://github.com/firebase/firebase-ios-sdk.git";
			requirement = {
				branch = master;
				kind = branch;
			};
		};
		0231698028D72A470027FAF8 /* XCRemoteSwiftPackageReference "SwiftUIPager" */ = {
			isa = XCRemoteSwiftPackageReference;
			repositoryURL = "https://github.com/fermoya/SwiftUIPager.git";
			requirement = {
				kind = upToNextMajorVersion;
				minimumVersion = 2.0.0;
			};
		};
		026C5E6E2729BB0400995BCB /* XCRemoteSwiftPackageReference "apollo-ios" */ = {
			isa = XCRemoteSwiftPackageReference;
			repositoryURL = "https://github.com/apollographql/apollo-ios.git";
			requirement = {
				kind = upToNextMajorVersion;
				minimumVersion = 0.3.0;
			};
		};
		029DDF082889BAA800118174 /* XCRemoteSwiftPackageReference "swift-composable-architecture" */ = {
			isa = XCRemoteSwiftPackageReference;
			repositoryURL = "https://github.com/pointfreeco/swift-composable-architecture";
			requirement = {
				branch = main;
				kind = branch;
			};
		};
		02AB3C3127D28470008043A6 /* XCRemoteSwiftPackageReference "ActivityIndicatorView" */ = {
			isa = XCRemoteSwiftPackageReference;
			repositoryURL = "https://github.com/exyte/ActivityIndicatorView.git";
			requirement = {
				kind = upToNextMajorVersion;
				minimumVersion = 1.0.0;
			};
		};
		02F4C30927CCF99F00746255 /* XCRemoteSwiftPackageReference "amplify-ios" */ = {
			isa = XCRemoteSwiftPackageReference;
			repositoryURL = "https://github.com/aws-amplify/amplify-ios";
			requirement = {
				kind = upToNextMajorVersion;
				minimumVersion = 1.0.0;
			};
		};
/* End XCRemoteSwiftPackageReference section */

/* Begin XCSwiftPackageProductDependency section */
		0205F15E2823FCF2008B8FF8 /* FirebaseAuth */ = {
			isa = XCSwiftPackageProductDependency;
			package = 0205F15D2823FCF2008B8FF8 /* XCRemoteSwiftPackageReference "firebase-ios-sdk" */;
			productName = FirebaseAuth;
		};
		0205F1602823FCF2008B8FF8 /* FirebaseFirestore */ = {
			isa = XCSwiftPackageProductDependency;
			package = 0205F15D2823FCF2008B8FF8 /* XCRemoteSwiftPackageReference "firebase-ios-sdk" */;
			productName = FirebaseFirestore;
		};
		0205F1622823FCF2008B8FF8 /* FirebaseFunctions */ = {
			isa = XCSwiftPackageProductDependency;
			package = 0205F15D2823FCF2008B8FF8 /* XCRemoteSwiftPackageReference "firebase-ios-sdk" */;
			productName = FirebaseFunctions;
		};
		0205F1642823FCF2008B8FF8 /* FirebaseMessaging */ = {
			isa = XCSwiftPackageProductDependency;
			package = 0205F15D2823FCF2008B8FF8 /* XCRemoteSwiftPackageReference "firebase-ios-sdk" */;
			productName = FirebaseMessaging;
		};
		0205F1662823FCF2008B8FF8 /* FirebaseStorage */ = {
			isa = XCSwiftPackageProductDependency;
			package = 0205F15D2823FCF2008B8FF8 /* XCRemoteSwiftPackageReference "firebase-ios-sdk" */;
			productName = FirebaseStorage;
		};
		0231698128D72A470027FAF8 /* SwiftUIPager */ = {
			isa = XCSwiftPackageProductDependency;
			package = 0231698028D72A470027FAF8 /* XCRemoteSwiftPackageReference "SwiftUIPager" */;
			productName = SwiftUIPager;
		};
		026C5E6F2729BB0400995BCB /* Apollo */ = {
			isa = XCSwiftPackageProductDependency;
			package = 026C5E6E2729BB0400995BCB /* XCRemoteSwiftPackageReference "apollo-ios" */;
			productName = Apollo;
		};
		029DDF092889BAA800118174 /* ComposableArchitecture */ = {
			isa = XCSwiftPackageProductDependency;
			package = 029DDF082889BAA800118174 /* XCRemoteSwiftPackageReference "swift-composable-architecture" */;
			productName = ComposableArchitecture;
		};
		02AB3C3227D28470008043A6 /* ActivityIndicatorView */ = {
			isa = XCSwiftPackageProductDependency;
			package = 02AB3C3127D28470008043A6 /* XCRemoteSwiftPackageReference "ActivityIndicatorView" */;
			productName = ActivityIndicatorView;
		};
		02F4C30A27CCF99F00746255 /* AWSCognitoAuthPlugin */ = {
			isa = XCSwiftPackageProductDependency;
			package = 02F4C30927CCF99F00746255 /* XCRemoteSwiftPackageReference "amplify-ios" */;
			productName = AWSCognitoAuthPlugin;
		};
		02F4C30C27CCF99F00746255 /* Amplify */ = {
			isa = XCSwiftPackageProductDependency;
			package = 02F4C30927CCF99F00746255 /* XCRemoteSwiftPackageReference "amplify-ios" */;
			productName = Amplify;
		};
/* End XCSwiftPackageProductDependency section */
	};
	rootObject = 021B2863270CB08C0093B0C9 /* Project object */;
}
